
Microsoft Visual Studio Solution File, Format Version 12.00
# Visual Studio Version 17
VisualStudioVersion = 17.0.31903.59
MinimumVisualStudioVersion = 10.0.40219.1
Project("{FAE04EC0-301F-11D3-BF4B-00C04F79EFBC}") = "jackpine.api", "jackpine.api\jackpine.api.csproj", "{8DA79C19-0F07-4F5B-8578-34B005E878FE}"
EndProject
Project("{FAE04EC0-301F-11D3-BF4B-00C04F79EFBC}") = "jackpine.client", "jackpine.client\jackpine.client.csproj", "{1D1C3A42-B3F6-4A19-8B33-3912E0758733}"
EndProject
Project("{FAE04EC0-301F-11D3-BF4B-00C04F79EFBC}") = "jackpine.shared", "jackpine.shared\jackpine.shared.csproj", "{968E7146-0063-4296-B0AF-DB2FB8DE6038}"
EndProject
Global
	GlobalSection(SolutionConfigurationPlatforms) = preSolution
		Debug|Any CPU = Debug|Any CPU
		Release|Any CPU = Release|Any CPU
	EndGlobalSection
	GlobalSection(SolutionProperties) = preSolution
		HideSolutionNode = FALSE
	EndGlobalSection
	GlobalSection(ProjectConfigurationPlatforms) = postSolution
		{8DA79C19-0F07-4F5B-8578-34B005E878FE}.Debug|Any CPU.ActiveCfg = Debug|Any CPU
		{8DA79C19-0F07-4F5B-8578-34B005E878FE}.Debug|Any CPU.Build.0 = Debug|Any CPU
		{8DA79C19-0F07-4F5B-8578-34B005E878FE}.Release|Any CPU.ActiveCfg = Release|Any CPU
		{8DA79C19-0F07-4F5B-8578-34B005E878FE}.Release|Any CPU.Build.0 = Release|Any CPU
		{1D1C3A42-B3F6-4A19-8B33-3912E0758733}.Debug|Any CPU.ActiveCfg = Debug|Any CPU
		{1D1C3A42-B3F6-4A19-8B33-3912E0758733}.Debug|Any CPU.Build.0 = Debug|Any CPU
		{1D1C3A42-B3F6-4A19-8B33-3912E0758733}.Release|Any CPU.ActiveCfg = Release|Any CPU
		{1D1C3A42-B3F6-4A19-8B33-3912E0758733}.Release|Any CPU.Build.0 = Release|Any CPU
		{968E7146-0063-4296-B0AF-DB2FB8DE6038}.Debug|Any CPU.ActiveCfg = Debug|Any CPU
		{968E7146-0063-4296-B0AF-DB2FB8DE6038}.Debug|Any CPU.Build.0 = Debug|Any CPU
		{968E7146-0063-4296-B0AF-DB2FB8DE6038}.Release|Any CPU.ActiveCfg = Release|Any CPU
		{968E7146-0063-4296-B0AF-DB2FB8DE6038}.Release|Any CPU.Build.0 = Release|Any CPU
	EndGlobalSection
EndGlobal
